// !$*UTF8*$!
{
	archiveVersion = 1;
	classes = {
	};
	objectVersion = 48;
	objects = {

/* Begin PBXBuildFile section */
		93C6CFE41FB7E80D00C1088F /* PuppyViewController.swift in Sources */ = {isa = PBXBuildFile; fileRef = 93C6CFE31FB7E80D00C1088F /* PuppyViewController.swift */; };
		93C6CFEB1FBCE9AE00C1088F /* PlayPuppyViewController.swift in Sources */ = {isa = PBXBuildFile; fileRef = 93C6CFEA1FBCE9AE00C1088F /* PlayPuppyViewController.swift */; };
		93F6F1701FA788FF009FD71D /* AppDelegate.swift in Sources */ = {isa = PBXBuildFile; fileRef = 93F6F16F1FA788FF009FD71D /* AppDelegate.swift */; };
		93F6F1751FA788FF009FD71D /* Main.storyboard in Resources */ = {isa = PBXBuildFile; fileRef = 93F6F1731FA788FF009FD71D /* Main.storyboard */; };
		93F6F1771FA788FF009FD71D /* Assets.xcassets in Resources */ = {isa = PBXBuildFile; fileRef = 93F6F1761FA788FF009FD71D /* Assets.xcassets */; };
		93F6F17A1FA788FF009FD71D /* LaunchScreen.storyboard in Resources */ = {isa = PBXBuildFile; fileRef = 93F6F1781FA788FF009FD71D /* LaunchScreen.storyboard */; };
		93F6F1831FA78B23009FD71D /* PuppyTableViewController.swift in Sources */ = {isa = PBXBuildFile; fileRef = 93F6F1821FA78B23009FD71D /* PuppyTableViewController.swift */; };
/* End PBXBuildFile section */

/* Begin PBXFileReference section */
		93C6CFE31FB7E80D00C1088F /* PuppyViewController.swift */ = {isa = PBXFileReference; lastKnownFileType = sourcecode.swift; path = PuppyViewController.swift; sourceTree = "<group>"; };
		93C6CFEA1FBCE9AE00C1088F /* PlayPuppyViewController.swift */ = {isa = PBXFileReference; lastKnownFileType = sourcecode.swift; path = PlayPuppyViewController.swift; sourceTree = "<group>"; };
		93F6F16C1FA788FF009FD71D /* PuppyAnimation.app */ = {isa = PBXFileReference; explicitFileType = wrapper.application; includeInIndex = 0; path = PuppyAnimation.app; sourceTree = BUILT_PRODUCTS_DIR; };
		93F6F16F1FA788FF009FD71D /* AppDelegate.swift */ = {isa = PBXFileReference; lastKnownFileType = sourcecode.swift; path = AppDelegate.swift; sourceTree = "<group>"; };
		93F6F1741FA788FF009FD71D /* Base */ = {isa = PBXFileReference; lastKnownFileType = file.storyboard; name = Base; path = Base.lproj/Main.storyboard; sourceTree = "<group>"; };
		93F6F1761FA788FF009FD71D /* Assets.xcassets */ = {isa = PBXFileReference; lastKnownFileType = folder.assetcatalog; path = Assets.xcassets; sourceTree = "<group>"; };
		93F6F1791FA788FF009FD71D /* Base */ = {isa = PBXFileReference; lastKnownFileType = file.storyboard; name = Base; path = Base.lproj/LaunchScreen.storyboard; sourceTree = "<group>"; };
		93F6F17B1FA788FF009FD71D /* Info.plist */ = {isa = PBXFileReference; lastKnownFileType = text.plist.xml; path = Info.plist; sourceTree = "<group>"; };
		93F6F1821FA78B23009FD71D /* PuppyTableViewController.swift */ = {isa = PBXFileReference; lastKnownFileType = sourcecode.swift; path = PuppyTableViewController.swift; sourceTree = "<group>"; };
/* End PBXFileReference section */

/* Begin PBXFrameworksBuildPhase section */
		93F6F1691FA788FF009FD71D /* Frameworks */ = {
			isa = PBXFrameworksBuildPhase;
			buildActionMask = 2147483647;
			files = (
			);
			runOnlyForDeploymentPostprocessing = 0;
		};
/* End PBXFrameworksBuildPhase section */

/* Begin PBXGroup section */
		93F6F1631FA788FF009FD71D = {
			isa = PBXGroup;
			children = (
				93F6F16E1FA788FF009FD71D /* PuppyAnimation */,
				93F6F16D1FA788FF009FD71D /* Products */,
			);
			sourceTree = "<group>";
		};
		93F6F16D1FA788FF009FD71D /* Products */ = {
			isa = PBXGroup;
			children = (
				93F6F16C1FA788FF009FD71D /* PuppyAnimation.app */,
			);
			name = Products;
			sourceTree = "<group>";
		};
		93F6F16E1FA788FF009FD71D /* PuppyAnimation */ = {
			isa = PBXGroup;
			children = (
				93F6F16F1FA788FF009FD71D /* AppDelegate.swift */,
				93F6F1761FA788FF009FD71D /* Assets.xcassets */,
				93F6F1781FA788FF009FD71D /* LaunchScreen.storyboard */,
				93F6F17B1FA788FF009FD71D /* Info.plist */,
				93F6F1731FA788FF009FD71D /* Main.storyboard */,
				93C6CFEA1FBCE9AE00C1088F /* PlayPuppyViewController.swift */,
				93C6CFE31FB7E80D00C1088F /* PuppyViewController.swift */,
				93F6F1821FA78B23009FD71D /* PuppyTableViewController.swift */,
			);
			path = PuppyAnimation;
			sourceTree = "<group>";
		};
/* End PBXGroup section */

/* Begin PBXNativeTarget section */
		93F6F16B1FA788FF009FD71D /* PuppyAnimation */ = {
			isa = PBXNativeTarget;
			buildConfigurationList = 93F6F17E1FA788FF009FD71D /* Build configuration list for PBXNativeTarget "PuppyAnimation" */;
			buildPhases = (
				93F6F1681FA788FF009FD71D /* Sources */,
				93F6F1691FA788FF009FD71D /* Frameworks */,
				93F6F16A1FA788FF009FD71D /* Resources */,
			);
			buildRules = (
			);
			dependencies = (
			);
			name = PuppyAnimation;
			productName = PuppyAnimation;
			productReference = 93F6F16C1FA788FF009FD71D /* PuppyAnimation.app */;
			productType = "com.apple.product-type.application";
		};
/* End PBXNativeTarget section */

/* Begin PBXProject section */
		93F6F1641FA788FF009FD71D /* Project object */ = {
			isa = PBXProject;
			attributes = {
				LastSwiftUpdateCheck = 0910;
				LastUpgradeCheck = 0910;
				ORGANIZATIONNAME = "Mary Niederschmidt";
				TargetAttributes = {
					93F6F16B1FA788FF009FD71D = {
						CreatedOnToolsVersion = 9.1;
						ProvisioningStyle = Automatic;
					};
				};
			};
			buildConfigurationList = 93F6F1671FA788FF009FD71D /* Build configuration list for PBXProject "PuppyAnimation" */;
			compatibilityVersion = "Xcode 8.0";
			developmentRegion = en;
			hasScannedForEncodings = 0;
			knownRegions = (
				en,
				Base,
			);
			mainGroup = 93F6F1631FA788FF009FD71D;
			productRefGroup = 93F6F16D1FA788FF009FD71D /* Products */;
			projectDirPath = "";
			projectRoot = "";
			targets = (
				93F6F16B1FA788FF009FD71D /* PuppyAnimation */,
			);
		};
/* End PBXProject section */

/* Begin PBXResourcesBuildPhase section */
		93F6F16A1FA788FF009FD71D /* Resources */ = {
			isa = PBXResourcesBuildPhase;
			buildActionMask = 2147483647;
			files = (
				93F6F17A1FA788FF009FD71D /* LaunchScreen.storyboard in Resources */,
				93F6F1771FA788FF009FD71D /* Assets.xcassets in Resources */,
				93F6F1751FA788FF009FD71D /* Main.storyboard in Resources */,
			);
			runOnlyForDeploymentPostprocessing = 0;
		};
/* End PBXResourcesBuildPhase section */

/* Begin PBXSourcesBuildPhase section */
		93F6F1681FA788FF009FD71D /* Sources */ = {
			isa = PBXSourcesBuildPhase;
			buildActionMask = 2147483647;
			files = (
				93F6F1831FA78B23009FD71D /* PuppyTableViewController.swift in Sources */,
				93C6CFE41FB7E80D00C1088F /* PuppyViewController.swift in Sources */,
				93F6F1701FA788FF009FD71D /* AppDelegate.swift in Sources */,
				93C6CFEB1FBCE9AE00C1088F /* PlayPuppyViewController.swift in Sources */,
			);
			runOnlyForDeploymentPostprocessing = 0;
		};
/* End PBXSourcesBuildPhase section */

/* Begin PBXVariantGroup section */
		93F6F1731FA788FF009FD71D /* Main.storyboard */ = {
			isa = PBXVariantGroup;
			children = (
				93F6F1741FA788FF009FD71D /* Base */,
			);
			name = Main.storyboard;
			sourceTree = "<group>";
		};
		93F6F1781FA788FF009FD71D /* LaunchScreen.storyboard */ = {
			isa = PBXVariantGroup;
			children = (
				93F6F1791FA788FF009FD71D /* Base */,
			);
			name = LaunchScreen.storyboard;
			sourceTree = "<group>";
		};
/* End PBXVariantGroup section */

/* Begin XCBuildConfiguration section */
		93F6F17C1FA788FF009FD71D /* Debug */ = {
			isa = XCBuildConfiguration;
			buildSettings = {
				ALWAYS_SEARCH_USER_PATHS = NO;
				CLANG_ANALYZER_NONNULL = YES;
				CLANG_ANALYZER_NUMBER_OBJECT_CONVERSION = YES_AGGRESSIVE;
				CLANG_CXX_LANGUAGE_STANDARD = "gnu++14";
				CLANG_CXX_LIBRARY = "libc++";
				CLANG_ENABLE_MODULES = YES;
				CLANG_ENABLE_OBJC_ARC = YES;
				CLANG_WARN_BLOCK_CAPTURE_AUTORELEASING = YES;
				CLANG_WARN_BOOL_CONVERSION = YES;
				CLANG_WARN_COMMA = YES;
				CLANG_WARN_CONSTANT_CONVERSION = YES;
				CLANG_WARN_DIRECT_OBJC_ISA_USAGE = YES_ERROR;
				CLANG_WARN_DOCUMENTATION_COMMENTS = YES;
				CLANG_WARN_EMPTY_BODY = YES;
				CLANG_WARN_ENUM_CONVERSION = YES;
				CLANG_WARN_INFINITE_RECURSION = YES;
				CLANG_WARN_INT_CONVERSION = YES;
				CLANG_WARN_NON_LITERAL_NULL_CONVERSION = YES;
				CLANG_WARN_OBJC_LITERAL_CONVERSION = YES;
				CLANG_WARN_OBJC_ROOT_CLASS = YES_ERROR;
				CLANG_WARN_RANGE_LOOP_ANALYSIS = YES;
				CLANG_WARN_STRICT_PROTOTYPES = YES;
				CLANG_WARN_SUSPICIOUS_MOVE = YES;
				CLANG_WARN_UNGUARDED_AVAILABILITY = YES_AGGRESSIVE;
				CLANG_WARN_UNREACHABLE_CODE = YES;
				CLANG_WARN__DUPLICATE_METHOD_MATCH = YES;
				CODE_SIGN_IDENTITY = "iPhone Developer";
				COPY_PHASE_STRIP = NO;
				DEBUG_INFORMATION_FORMAT = dwarf;
				ENABLE_STRICT_OBJC_MSGSEND = YES;
				ENABLE_TESTABILITY = YES;
				GCC_C_LANGUAGE_STANDARD = gnu11;
				GCC_DYNAMIC_NO_PIC = NO;
				GCC_NO_COMMON_BLOCKS = YES;
				GCC_OPTIMIZATION_LEVEL = 0;
				GCC_PREPROCESSOR_DEFINITIONS = (
					"DEBUG=1",
					"$(inherited)",
				);
				GCC_WARN_64_TO_32_BIT_CONVERSION = YES;
				GCC_WARN_ABOUT_RETURN_TYPE = YES_ERROR;
				GCC_WARN_UNDECLARED_SELECTOR = YES;
				GCC_WARN_UNINITIALIZED_AUTOS = YES_AGGRESSIVE;
				GCC_WARN_UNUSED_FUNCTION = YES;
				GCC_WARN_UNUSED_VARIABLE = YES;
				IPHONEOS_DEPLOYMENT_TARGET = 11.1;
				MTL_ENABLE_DEBUG_INFO = YES;
				ONLY_ACTIVE_ARCH = YES;
				SDKROOT = iphoneos;
				SWIFT_ACTIVE_COMPILATION_CONDITIONS = DEBUG;
				SWIFT_OPTIMIZATION_LEVEL = "-Onone";
			};
			name = Debug;
		};
		93F6F17D1FA788FF009FD71D /* Release */ = {
			isa = XCBuildConfiguration;
			buildSettings = {
				ALWAYS_SEARCH_USER_PATHS = NO;
				CLANG_ANALYZER_NONNULL = YES;
				CLANG_ANALYZER_NUMBER_OBJECT_CONVERSION = YES_AGGRESSIVE;
				CLANG_CXX_LANGUAGE_STANDARD = "gnu++14";
				CLANG_CXX_LIBRARY = "libc++";
				CLANG_ENABLE_MODULES = YES;
				CLANG_ENABLE_OBJC_ARC = YES;
				CLANG_WARN_BLOCK_CAPTURE_AUTORELEASING = YES;
				CLANG_WARN_BOOL_CONVERSION = YES;
				CLANG_WARN_COMMA = YES;
				CLANG_WARN_CONSTANT_CONVERSION = YES;
				CLANG_WARN_DIRECT_OBJC_ISA_USAGE = YES_ERROR;
				CLANG_WARN_DOCUMENTATION_COMMENTS = YES;
				CLANG_WARN_EMPTY_BODY = YES;
				CLANG_WARN_ENUM_CONVERSION = YES;
				CLANG_WARN_INFINITE_RECURSION = YES;
				CLANG_WARN_INT_CONVERSION = YES;
				CLANG_WARN_NON_LITERAL_NULL_CONVERSION = YES;
				CLANG_WARN_OBJC_LITERAL_CONVERSION = YES;
				CLANG_WARN_OBJC_ROOT_CLASS = YES_ERROR;
				CLANG_WARN_RANGE_LOOP_ANALYSIS = YES;
				CLANG_WARN_STRICT_PROTOTYPES = YES;
				CLANG_WARN_SUSPICIOUS_MOVE = YES;
				CLANG_WARN_UNGUARDED_AVAILABILITY = YES_AGGRESSIVE;
				CLANG_WARN_UNREACHABLE_CODE = YES;
				CLANG_WARN__DUPLICATE_METHOD_MATCH = YES;
				CODE_SIGN_IDENTITY = "iPhone Developer";
				COPY_PHASE_STRIP = NO;
				DEBUG_INFORMATION_FORMAT = "dwarf-with-dsym";
				ENABLE_NS_ASSERTIONS = NO;
				ENABLE_STRICT_OBJC_MSGSEND = YES;
				GCC_C_LANGUAGE_STANDARD = gnu11;
				GCC_NO_COMMON_BLOCKS = YES;
				GCC_WARN_64_TO_32_BIT_CONVERSION = YES;
				GCC_WARN_ABOUT_RETURN_TYPE = YES_ERROR;
				GCC_WARN_UNDECLARED_SELECTOR = YES;
				GCC_WARN_UNINITIALIZED_AUTOS = YES_AGGRESSIVE;
				GCC_WARN_UNUSED_FUNCTION = YES;
				GCC_WARN_UNUSED_VARIABLE = YES;
				IPHONEOS_DEPLOYMENT_TARGET = 11.1;
				MTL_ENABLE_DEBUG_INFO = NO;
				SDKROOT = iphoneos;
				SWIFT_OPTIMIZATION_LEVEL = "-Owholemodule";
				VALIDATE_PRODUCT = YES;
			};
			name = Release;
		};
		93F6F17F1FA788FF009FD71D /* Debug */ = {
			isa = XCBuildConfiguration;
			buildSettings = {
				ASSETCATALOG_COMPILER_APPICON_NAME = AppIcon;
				CODE_SIGN_STYLE = Automatic;
				INFOPLIST_FILE = PuppyAnimation/Info.plist;
				LD_RUNPATH_SEARCH_PATHS = "$(inherited) @executable_path/Frameworks";
				PRODUCT_BUNDLE_IDENTIFIER = org.launchcode.PuppyAnimation;
				PRODUCT_NAME = "$(TARGET_NAME)";
				SWIFT_VERSION = 4.0;
				TARGETED_DEVICE_FAMILY = "1,2";
			};
			name = Debug;
		};
		93F6F1801FA788FF009FD71D /* Release */ = {
			isa = XCBuildConfiguration;
			buildSettings = {
				ASSETCATALOG_COMPILER_APPICON_NAME = AppIcon;
				CODE_SIGN_STYLE = Automatic;
				INFOPLIST_FILE = PuppyAnimation/Info.plist;
				LD_RUNPATH_SEARCH_PATHS = "$(inherited) @executable_path/Frameworks";
				PRODUCT_BUNDLE_IDENTIFIER = org.launchcode.PuppyAnimation;
				PRODUCT_NAME = "$(TARGET_NAME)";
				SWIFT_VERSION = 4.0;
				TARGETED_DEVICE_FAMILY = "1,2";
			};
			name = Release;
		};
/* End XCBuildConfiguration section */

/* Begin XCConfigurationList section */
		93F6F1671FA788FF009FD71D /* Build configuration list for PBXProject "PuppyAnimation" */ = {
			isa = XCConfigurationList;
			buildConfigurations = (
				93F6F17C1FA788FF009FD71D /* Debug */,
				93F6F17D1FA788FF009FD71D /* Release */,
			);
			defaultConfigurationIsVisible = 0;
			defaultConfigurationName = Release;
		};
		93F6F17E1FA788FF009FD71D /* Build configuration list for PBXNativeTarget "PuppyAnimation" */ = {
			isa = XCConfigurationList;
			buildConfigurations = (
				93F6F17F1FA788FF009FD71D /* Debug */,
				93F6F1801FA788FF009FD71D /* Release */,
			);
			defaultConfigurationIsVisible = 0;
			defaultConfigurationName = Release;
		};
/* End XCConfigurationList section */
	};
	rootObject = 93F6F1641FA788FF009FD71D /* Project object */;
}
